
Microsoft Visual Studio Solution File, Format Version 12.00
# Visual Studio Version 17
VisualStudioVersion = 17.6.33620.401
MinimumVisualStudioVersion = 10.0.40219.1
Project("{FAE04EC0-301F-11D3-BF4B-00C04F79EFBC}") = "Omnichannel", "Omnichannel\Omnichannel.csproj", "{44BB8EF7-5326-4CB0-9722-F1F684DB18D8}"
EndProject
Global
	GlobalSection(SolutionConfigurationPlatforms) = preSolution
		Debug|Any CPU = Debug|Any CPU
		Release|Any CPU = Release|Any CPU
	EndGlobalSection
	GlobalSection(ProjectConfigurationPlatforms) = postSolution
		{44BB8EF7-5326-4CB0-9722-F1F684DB18D8}.Debug|Any CPU.ActiveCfg = Debug|Any CPU
		{44BB8EF7-5326-4CB0-9722-F1F684DB18D8}.Debug|Any CPU.Build.0 = Debug|Any CPU
		{44BB8EF7-5326-4CB0-9722-F1F684DB18D8}.Release|Any CPU.ActiveCfg = Release|Any CPU
		{44BB8EF7-5326-4CB0-9722-F1F684DB18D8}.Release|Any CPU.Build.0 = Release|Any CPU
	EndGlobalSection
	GlobalSection(SolutionProperties) = preSolution
		HideSolutionNode = FALSE
	EndGlobalSection
	GlobalSection(ExtensibilityGlobals) = postSolution
		SolutionGuid = {2FEE70D3-6663-4568-93E3-2DA7852E6611}
	EndGlobalSection
EndGlobal
